
Microsoft Visual Studio Solution File, Format Version 12.00
# Visual Studio Version 17
VisualStudioVersion = 17.13.35806.99
MinimumVisualStudioVersion = 10.0.40219.1
Project("{FAE04EC0-301F-11D3-BF4B-00C04F79EFBC}") = "Task01", "Task01.csproj", "{C0A8C6CE-2391-FBD2-2DD5-20FBDD9041BD}"
EndProject
Project("{FAE04EC0-301F-11D3-BF4B-00C04F79EFBC}") = "BinaryConverterControl", "..\SymbolCounterControl\BinaryConverterControl.csproj", "{3616AB42-347F-450F-9E88-F73377F42DFA}"
EndProject
Global
	GlobalSection(SolutionConfigurationPlatforms) = preSolution
		Debug|Any CPU = Debug|Any CPU
		Release|Any CPU = Release|Any CPU
	EndGlobalSection
	GlobalSection(ProjectConfigurationPlatforms) = postSolution
		{C0A8C6CE-2391-FBD2-2DD5-20FBDD9041BD}.Debug|Any CPU.ActiveCfg = Debug|Any CPU
		{C0A8C6CE-2391-FBD2-2DD5-20FBDD9041BD}.Debug|Any CPU.Build.0 = Debug|Any CPU
		{C0A8C6CE-2391-FBD2-2DD5-20FBDD9041BD}.Release|Any CPU.ActiveCfg = Release|Any CPU
		{C0A8C6CE-2391-FBD2-2DD5-20FBDD9041BD}.Release|Any CPU.Build.0 = Release|Any CPU
		{3616AB42-347F-450F-9E88-F73377F42DFA}.Debug|Any CPU.ActiveCfg = Debug|Any CPU
		{3616AB42-347F-450F-9E88-F73377F42DFA}.Debug|Any CPU.Build.0 = Debug|Any CPU
		{3616AB42-347F-450F-9E88-F73377F42DFA}.Release|Any CPU.ActiveCfg = Release|Any CPU
		{3616AB42-347F-450F-9E88-F73377F42DFA}.Release|Any CPU.Build.0 = Release|Any CPU
	EndGlobalSection
	GlobalSection(SolutionProperties) = preSolution
		HideSolutionNode = FALSE
	EndGlobalSection
	GlobalSection(ExtensibilityGlobals) = postSolution
		SolutionGuid = {37562510-8AC9-493D-B377-C51C5130DDF6}
	EndGlobalSection
EndGlobal
